<?xml version="1.0" encoding="utf-8"?>
<Project ToolsVersion="4.0" xmlns="http://schemas.microsoft.com/developer/msbuild/2003">
  <ItemGroup>
    <Filter Include="Source Files">
      <UniqueIdentifier>{4FC737F1-C7A5-4376-A066-2A32D752A2FF}</UniqueIdentifier>
      <Extensions>cpp;c;cc;cxx;c++;cppm;ixx;def;odl;idl;hpj;bat;asm;asmx</Extensions>
    </Filter>
    <Filter Include="Header Files">
      <UniqueIdentifier>{93995380-89BD-4b04-88EB-625FBE52EBFB}</UniqueIdentifier>
      <Extensions>h;hh;hpp;hxx;h++;hm;inl;inc;ipp;xsd</Extensions>
    </Filter>
    <Filter Include="Resource Files">
      <UniqueIdentifier>{67DA6AB6-F800-4c08-8B7A-83BB121AAD01}</UniqueIdentifier>
      <Extensions>rc;ico;cur;bmp;dlg;rc2;rct;bin;rgs;gif;jpg;jpeg;jpe;resx;tiff;tif;png;wav;mfcribbon-ms</Extensions>
    </Filter>
  </ItemGroup>
  <ItemGroup>
    <ClCompile Include="dllmain.cpp">
      <Filter>Source Files</Filter>
    </ClCompile>
    <ClCompile Include="Trampoline.cpp">
      <Filter>Source Files</Filter>
    </ClCompile>
    <ClCompile Include="imgui\imgui.cpp">
      <Filter>Source Files</Filter>
    </ClCompile>
    <ClCompile Include="imgui\imgui_draw.cpp">
      <Filter>Source Files</Filter>
    </ClCompile>
    <ClCompile Include="imgui\imgui_tables.cpp">
      <Filter>Source Files</Filter>
    </ClCompile>
    <ClCompile Include="imgui\imgui_widgets.cpp">
      <Filter>Source Files</Filter>
    </ClCompile>
    <ClCompile Include="imgui\imgui_impl_win32.cpp">
      <Filter>Source Files</Filter>
    </ClCompile>
    <ClCompile Include="imgui\imgui_demo.cpp">
      <Filter>Source Files</Filter>
    </ClCompile>
    <ClCompile Include="imgui\imgui_impl_opengl3.cpp">
      <Filter>Source Files</Filter>
    </ClCompile>
    <ClCompile Include="main.cpp">
      <Filter>Source Files</Filter>
    </ClCompile>
    <ClCompile Include="util.cpp">
      <Filter>Source Files</Filter>
    </ClCompile>
    <ClCompile Include="graphics.cpp">
      <Filter>Source Files</Filter>
    </ClCompile>
    <ClCompile Include="HookObj.cpp">
      <Filter>Source Files</Filter>
    </ClCompile>
    <ClCompile Include="GameHooks.cpp">
      <Filter>Source Files</Filter>
    </ClCompile>
    <ClCompile Include="triggers.cpp">
      <Filter>Source Files</Filter>
    </ClCompile>
  </ItemGroup>
  <ItemGroup>
    <ClInclude Include="Trampoline.h">
      <Filter>Header Files</Filter>
    </ClInclude>
    <ClInclude Include="includes\am_map.h">
      <Filter>Header Files</Filter>
    </ClInclude>
    <ClInclude Include="includes\apng.h">
      <Filter>Header Files</Filter>
    </ClInclude>
    <ClInclude Include="includes\b_bot.h">
      <Filter>Header Files</Filter>
    </ClInclude>
    <ClInclude Include="includes\byteptr.h">
      <Filter>Header Files</Filter>
    </ClInclude>
    <ClInclude Include="includes\command.h">
      <Filter>Header Files</Filter>
    </ClInclude>
    <ClInclude Include="includes\comptime.h">
      <Filter>Header Files</Filter>
    </ClInclude>
    <ClInclude Include="includes\console.h">
      <Filter>Header Files</Filter>
    </ClInclude>
    <ClInclude Include="includes\d_clisrv.h">
      <Filter>Header Files</Filter>
    </ClInclude>
    <ClInclude Include="includes\d_event.h">
      <Filter>Header Files</Filter>
    </ClInclude>
    <ClInclude Include="includes\d_main.h">
      <Filter>Header Files</Filter>
    </ClInclude>
    <ClInclude Include="includes\d_net.h">
      <Filter>Header Files</Filter>
    </ClInclude>
    <ClInclude Include="includes\d_netcmd.h">
      <Filter>Header Files</Filter>
    </ClInclude>
    <ClInclude Include="includes\d_netfil.h">
      <Filter>Header Files</Filter>
    </ClInclude>
    <ClInclude Include="includes\d_player.h">
      <Filter>Header Files</Filter>
    </ClInclude>
    <ClInclude Include="includes\d_think.h">
      <Filter>Header Files</Filter>
    </ClInclude>
    <ClInclude Include="includes\d_ticcmd.h">
      <Filter>Header Files</Filter>
    </ClInclude>
    <ClInclude Include="includes\deh_lua.h">
      <Filter>Header Files</Filter>
    </ClInclude>
    <ClInclude Include="includes\deh_soc.h">
      <Filter>Header Files</Filter>
    </ClInclude>
    <ClInclude Include="includes\deh_tables.h">
      <Filter>Header Files</Filter>
    </ClInclude>
    <ClInclude Include="includes\dehacked.h">
      <Filter>Header Files</Filter>
    </ClInclude>
    <ClInclude Include="includes\doomdata.h">
      <Filter>Header Files</Filter>
    </ClInclude>
    <ClInclude Include="includes\doomdef.h">
      <Filter>Header Files</Filter>
    </ClInclude>
    <ClInclude Include="includes\doomstat.h">
      <Filter>Header Files</Filter>
    </ClInclude>
    <ClInclude Include="includes\doomtype.h">
      <Filter>Header Files</Filter>
    </ClInclude>
    <ClInclude Include="includes\endian.h">
      <Filter>Header Files</Filter>
    </ClInclude>
    <ClInclude Include="includes\f_finale.h">
      <Filter>Header Files</Filter>
    </ClInclude>
    <ClInclude Include="includes\fastcmp.h">
      <Filter>Header Files</Filter>
    </ClInclude>
    <ClInclude Include="includes\filesrch.h">
      <Filter>Header Files</Filter>
    </ClInclude>
    <ClInclude Include="includes\g_demo.h">
      <Filter>Header Files</Filter>
    </ClInclude>
    <ClInclude Include="includes\g_game.h">
      <Filter>Header Files</Filter>
    </ClInclude>
    <ClInclude Include="includes\g_input.h">
      <Filter>Header Files</Filter>
    </ClInclude>
    <ClInclude Include="includes\g_state.h">
      <Filter>Header Files</Filter>
    </ClInclude>
    <ClInclude Include="includes\hu_stuff.h">
      <Filter>Header Files</Filter>
    </ClInclude>
    <ClInclude Include="includes\i_addrinfo.h">
      <Filter>Header Files</Filter>
    </ClInclude>
    <ClInclude Include="includes\i_joy.h">
      <Filter>Header Files</Filter>
    </ClInclude>
    <ClInclude Include="includes\i_net.h">
      <Filter>Header Files</Filter>
    </ClInclude>
    <ClInclude Include="includes\i_sound.h">
      <Filter>Header Files</Filter>
    </ClInclude>
    <ClInclude Include="includes\i_system.h">
      <Filter>Header Files</Filter>
    </ClInclude>
    <ClInclude Include="includes\i_tcp.h">
      <Filter>Header Files</Filter>
    </ClInclude>
    <ClInclude Include="includes\i_threads.h">
      <Filter>Header Files</Filter>
    </ClInclude>
    <ClInclude Include="includes\i_time.h">
      <Filter>Header Files</Filter>
    </ClInclude>
    <ClInclude Include="includes\i_video.h">
      <Filter>Header Files</Filter>
    </ClInclude>
    <ClInclude Include="includes\info.h">
      <Filter>Header Files</Filter>
    </ClInclude>
    <ClInclude Include="includes\keys.h">
      <Filter>Header Files</Filter>
    </ClInclude>
    <ClInclude Include="includes\libdivide.h">
      <Filter>Header Files</Filter>
    </ClInclude>
    <ClInclude Include="includes\lua_hook.h">
      <Filter>Header Files</Filter>
    </ClInclude>
    <ClInclude Include="includes\lua_hud.h">
      <Filter>Header Files</Filter>
    </ClInclude>
    <ClInclude Include="includes\lua_hudlib_drawlist.h">
      <Filter>Header Files</Filter>
    </ClInclude>
    <ClInclude Include="includes\lua_libs.h">
      <Filter>Header Files</Filter>
    </ClInclude>
    <ClInclude Include="includes\lua_script.h">
      <Filter>Header Files</Filter>
    </ClInclude>
    <ClInclude Include="includes\lzf.h">
      <Filter>Header Files</Filter>
    </ClInclude>
    <ClInclude Include="includes\m_aatree.h">
      <Filter>Header Files</Filter>
    </ClInclude>
    <ClInclude Include="includes\m_anigif.h">
      <Filter>Header Files</Filter>
    </ClInclude>
    <ClInclude Include="includes\m_argv.h">
      <Filter>Header Files</Filter>
    </ClInclude>
    <ClInclude Include="includes\m_bbox.h">
      <Filter>Header Files</Filter>
    </ClInclude>
    <ClInclude Include="includes\m_cheat.h">
      <Filter>Header Files</Filter>
    </ClInclude>
    <ClInclude Include="includes\m_cond.h">
      <Filter>Header Files</Filter>
    </ClInclude>
    <ClInclude Include="includes\m_dllist.h">
      <Filter>Header Files</Filter>
    </ClInclude>
    <ClInclude Include="includes\m_easing.h">
      <Filter>Header Files</Filter>
    </ClInclude>
    <ClInclude Include="includes\m_fixed.h">
      <Filter>Header Files</Filter>
    </ClInclude>
    <ClInclude Include="includes\m_menu.h">
      <Filter>Header Files</Filter>
    </ClInclude>
    <ClInclude Include="includes\m_misc.h">
      <Filter>Header Files</Filter>
    </ClInclude>
    <ClInclude Include="includes\m_perfstats.h">
      <Filter>Header Files</Filter>
    </ClInclude>
    <ClInclude Include="includes\m_queue.h">
      <Filter>Header Files</Filter>
    </ClInclude>
    <ClInclude Include="includes\m_random.h">
      <Filter>Header Files</Filter>
    </ClInclude>
    <ClInclude Include="includes\m_swap.h">
      <Filter>Header Files</Filter>
    </ClInclude>
    <ClInclude Include="includes\md5.h">
      <Filter>Header Files</Filter>
    </ClInclude>
    <ClInclude Include="includes\mserv.h">
      <Filter>Header Files</Filter>
    </ClInclude>
    <ClInclude Include="includes\p_local.h">
      <Filter>Header Files</Filter>
    </ClInclude>
    <ClInclude Include="includes\p_maputl.h">
      <Filter>Header Files</Filter>
    </ClInclude>
    <ClInclude Include="includes\p_mobj.h">
      <Filter>Header Files</Filter>
    </ClInclude>
    <ClInclude Include="includes\p_polyobj.h">
      <Filter>Header Files</Filter>
    </ClInclude>
    <ClInclude Include="includes\p_pspr.h">
      <Filter>Header Files</Filter>
    </ClInclude>
    <ClInclude Include="includes\p_saveg.h">
      <Filter>Header Files</Filter>
    </ClInclude>
    <ClInclude Include="includes\p_setup.h">
      <Filter>Header Files</Filter>
    </ClInclude>
    <ClInclude Include="includes\p_slopes.h">
      <Filter>Header Files</Filter>
    </ClInclude>
    <ClInclude Include="includes\p_spec.h">
      <Filter>Header Files</Filter>
    </ClInclude>
    <ClInclude Include="includes\p_tick.h">
      <Filter>Header Files</Filter>
    </ClInclude>
    <ClInclude Include="includes\p5prof.h">
      <Filter>Header Files</Filter>
    </ClInclude>
    <ClInclude Include="includes\r_bsp.h">
      <Filter>Header Files</Filter>
    </ClInclude>
    <ClInclude Include="includes\r_data.h">
      <Filter>Header Files</Filter>
    </ClInclude>
    <ClInclude Include="includes\r_defs.h">
      <Filter>Header Files</Filter>
    </ClInclude>
    <ClInclude Include="includes\r_draw.h">
      <Filter>Header Files</Filter>
    </ClInclude>
    <ClInclude Include="includes\r_fps.h">
      <Filter>Header Files</Filter>
    </ClInclude>
    <ClInclude Include="includes\r_local.h">
      <Filter>Header Files</Filter>
    </ClInclude>
    <ClInclude Include="includes\r_main.h">
      <Filter>Header Files</Filter>
    </ClInclude>
    <ClInclude Include="includes\r_patch.h">
      <Filter>Header Files</Filter>
    </ClInclude>
    <ClInclude Include="includes\r_patchrotation.h">
      <Filter>Header Files</Filter>
    </ClInclude>
    <ClInclude Include="includes\r_picformats.h">
      <Filter>Header Files</Filter>
    </ClInclude>
    <ClInclude Include="includes\r_plane.h">
      <Filter>Header Files</Filter>
    </ClInclude>
    <ClInclude Include="includes\r_portal.h">
      <Filter>Header Files</Filter>
    </ClInclude>
    <ClInclude Include="includes\r_segs.h">
      <Filter>Header Files</Filter>
    </ClInclude>
    <ClInclude Include="includes\r_skins.h">
      <Filter>Header Files</Filter>
    </ClInclude>
    <ClInclude Include="includes\r_sky.h">
      <Filter>Header Files</Filter>
    </ClInclude>
    <ClInclude Include="includes\r_splats.h">
      <Filter>Header Files</Filter>
    </ClInclude>
    <ClInclude Include="includes\r_state.h">
      <Filter>Header Files</Filter>
    </ClInclude>
    <ClInclude Include="includes\r_textures.h">
      <Filter>Header Files</Filter>
    </ClInclude>
    <ClInclude Include="includes\r_things.h">
      <Filter>Header Files</Filter>
    </ClInclude>
    <ClInclude Include="includes\s_sound.h">
      <Filter>Header Files</Filter>
    </ClInclude>
    <ClInclude Include="includes\screen.h">
      <Filter>Header Files</Filter>
    </ClInclude>
    <ClInclude Include="includes\sounds.h">
      <Filter>Header Files</Filter>
    </ClInclude>
    <ClInclude Include="includes\st_stuff.h">
      <Filter>Header Files</Filter>
    </ClInclude>
    <ClInclude Include="includes\tables.h">
      <Filter>Header Files</Filter>
    </ClInclude>
    <ClInclude Include="includes\taglist.h">
      <Filter>Header Files</Filter>
    </ClInclude>
    <ClInclude Include="includes\v_video.h">
      <Filter>Header Files</Filter>
    </ClInclude>
    <ClInclude Include="includes\version.h">
      <Filter>Header Files</Filter>
    </ClInclude>
    <ClInclude Include="includes\w_wad.h">
      <Filter>Header Files</Filter>
    </ClInclude>
    <ClInclude Include="includes\y_inter.h">
      <Filter>Header Files</Filter>
    </ClInclude>
    <ClInclude Include="includes\z_zone.h">
      <Filter>Header Files</Filter>
    </ClInclude>
    <ClInclude Include="imgui\glew.h">
      <Filter>Header Files</Filter>
    </ClInclude>
    <ClInclude Include="imgui\imconfig.h">
      <Filter>Header Files</Filter>
    </ClInclude>
    <ClInclude Include="imgui\imgui.h">
      <Filter>Header Files</Filter>
    </ClInclude>
    <ClInclude Include="imgui\imgui_impl_win32.h">
      <Filter>Header Files</Filter>
    </ClInclude>
    <ClInclude Include="imgui\imgui_impl_opengl3.h">
      <Filter>Header Files</Filter>
    </ClInclude>
    <ClInclude Include="main.h">
      <Filter>Header Files</Filter>
    </ClInclude>
    <ClInclude Include="util.h">
      <Filter>Header Files</Filter>
    </ClInclude>
    <ClInclude Include="graphics.h">
      <Filter>Header Files</Filter>
    </ClInclude>
    <ClInclude Include="HookObj.h">
      <Filter>Header Files</Filter>
    </ClInclude>
    <ClInclude Include="GameHooks.h">
      <Filter>Header Files</Filter>
    </ClInclude>
    <ClInclude Include="triggers.h">
      <Filter>Header Files</Filter>
    </ClInclude>
  </ItemGroup>
</Project>